
Microsoft Visual Studio Solution File, Format Version 12.00
# Visual Studio Version 17
VisualStudioVersion = 17.0.31903.59
MinimumVisualStudioVersion = 10.0.40219.1
Project("{FAE04EC0-301F-11D3-BF4B-00C04F79EFBC}") = "RockPaperScissorslib", "RockPaperScissorslib\RockPaperScissorslib.csproj", "{956B9805-870B-4A5B-9761-858049CC10ED}"
EndProject
Project("{FAE04EC0-301F-11D3-BF4B-00C04F79EFBC}") = "RockPaperScissorsTest", "RockPaperScissorsTest\RockPaperScissorsTest.csproj", "{14D5121E-7BD5-4DA8-B38E-E426C7C0CBB2}"
EndProject
Project("{FAE04EC0-301F-11D3-BF4B-00C04F79EFBC}") = "RockPaperScissorsApp", "RockPaperScissorsApp\RockPaperScissorsApp.csproj", "{234E0210-A9D5-477F-B9C0-066E3B543F7C}"
EndProject
Global
	GlobalSection(SolutionProperties) = preSolution
		HideSolutionNode = FALSE
	EndGlobalSection
	GlobalSection(SolutionConfigurationPlatforms) = preSolution
		Debug|Any CPU = Debug|Any CPU
		Debug|x64 = Debug|x64
		Debug|x86 = Debug|x86
		Release|Any CPU = Release|Any CPU
		Release|x64 = Release|x64
		Release|x86 = Release|x86
	EndGlobalSection
	GlobalSection(ProjectConfigurationPlatforms) = postSolution
		{956B9805-870B-4A5B-9761-858049CC10ED}.Debug|Any CPU.ActiveCfg = Debug|Any CPU
		{956B9805-870B-4A5B-9761-858049CC10ED}.Debug|Any CPU.Build.0 = Debug|Any CPU
		{956B9805-870B-4A5B-9761-858049CC10ED}.Debug|x64.ActiveCfg = Debug|Any CPU
		{956B9805-870B-4A5B-9761-858049CC10ED}.Debug|x64.Build.0 = Debug|Any CPU
		{956B9805-870B-4A5B-9761-858049CC10ED}.Debug|x86.ActiveCfg = Debug|Any CPU
		{956B9805-870B-4A5B-9761-858049CC10ED}.Debug|x86.Build.0 = Debug|Any CPU
		{956B9805-870B-4A5B-9761-858049CC10ED}.Release|Any CPU.ActiveCfg = Release|Any CPU
		{956B9805-870B-4A5B-9761-858049CC10ED}.Release|Any CPU.Build.0 = Release|Any CPU
		{956B9805-870B-4A5B-9761-858049CC10ED}.Release|x64.ActiveCfg = Release|Any CPU
		{956B9805-870B-4A5B-9761-858049CC10ED}.Release|x64.Build.0 = Release|Any CPU
		{956B9805-870B-4A5B-9761-858049CC10ED}.Release|x86.ActiveCfg = Release|Any CPU
		{956B9805-870B-4A5B-9761-858049CC10ED}.Release|x86.Build.0 = Release|Any CPU
		{14D5121E-7BD5-4DA8-B38E-E426C7C0CBB2}.Debug|Any CPU.ActiveCfg = Debug|Any CPU
		{14D5121E-7BD5-4DA8-B38E-E426C7C0CBB2}.Debug|Any CPU.Build.0 = Debug|Any CPU
		{14D5121E-7BD5-4DA8-B38E-E426C7C0CBB2}.Debug|x64.ActiveCfg = Debug|Any CPU
		{14D5121E-7BD5-4DA8-B38E-E426C7C0CBB2}.Debug|x64.Build.0 = Debug|Any CPU
		{14D5121E-7BD5-4DA8-B38E-E426C7C0CBB2}.Debug|x86.ActiveCfg = Debug|Any CPU
		{14D5121E-7BD5-4DA8-B38E-E426C7C0CBB2}.Debug|x86.Build.0 = Debug|Any CPU
		{14D5121E-7BD5-4DA8-B38E-E426C7C0CBB2}.Release|Any CPU.ActiveCfg = Release|Any CPU
		{14D5121E-7BD5-4DA8-B38E-E426C7C0CBB2}.Release|Any CPU.Build.0 = Release|Any CPU
		{14D5121E-7BD5-4DA8-B38E-E426C7C0CBB2}.Release|x64.ActiveCfg = Release|Any CPU
		{14D5121E-7BD5-4DA8-B38E-E426C7C0CBB2}.Release|x64.Build.0 = Release|Any CPU
		{14D5121E-7BD5-4DA8-B38E-E426C7C0CBB2}.Release|x86.ActiveCfg = Release|Any CPU
		{14D5121E-7BD5-4DA8-B38E-E426C7C0CBB2}.Release|x86.Build.0 = Release|Any CPU
		{234E0210-A9D5-477F-B9C0-066E3B543F7C}.Debug|Any CPU.ActiveCfg = Debug|Any CPU
		{234E0210-A9D5-477F-B9C0-066E3B543F7C}.Debug|Any CPU.Build.0 = Debug|Any CPU
		{234E0210-A9D5-477F-B9C0-066E3B543F7C}.Debug|x64.ActiveCfg = Debug|Any CPU
		{234E0210-A9D5-477F-B9C0-066E3B543F7C}.Debug|x64.Build.0 = Debug|Any CPU
		{234E0210-A9D5-477F-B9C0-066E3B543F7C}.Debug|x86.ActiveCfg = Debug|Any CPU
		{234E0210-A9D5-477F-B9C0-066E3B543F7C}.Debug|x86.Build.0 = Debug|Any CPU
		{234E0210-A9D5-477F-B9C0-066E3B543F7C}.Release|Any CPU.ActiveCfg = Release|Any CPU
		{234E0210-A9D5-477F-B9C0-066E3B543F7C}.Release|Any CPU.Build.0 = Release|Any CPU
		{234E0210-A9D5-477F-B9C0-066E3B543F7C}.Release|x64.ActiveCfg = Release|Any CPU
		{234E0210-A9D5-477F-B9C0-066E3B543F7C}.Release|x64.Build.0 = Release|Any CPU
		{234E0210-A9D5-477F-B9C0-066E3B543F7C}.Release|x86.ActiveCfg = Release|Any CPU
		{234E0210-A9D5-477F-B9C0-066E3B543F7C}.Release|x86.Build.0 = Release|Any CPU
	EndGlobalSection
EndGlobal
